// !$*UTF8*$!
{
	archiveVersion = 1;
	classes = {
	};
	objectVersion = 51;
	objects = {

/* Begin PBXBuildFile section */
		C207AE78248EAE3C00F40463 /* Pacifico-Regular.ttf in Resources */ = {isa = PBXBuildFile; fileRef = C207AE77248EAE3C00F40463 /* Pacifico-Regular.ttf */; };
		C2521C622469D5D00049F516 /* AppDelegate.swift in Sources */ = {isa = PBXBuildFile; fileRef = C2521C612469D5D00049F516 /* AppDelegate.swift */; };
		C2521C642469D5D00049F516 /* SceneDelegate.swift in Sources */ = {isa = PBXBuildFile; fileRef = C2521C632469D5D00049F516 /* SceneDelegate.swift */; };
		C2521C662469D5D00049F516 /* ViewController.swift in Sources */ = {isa = PBXBuildFile; fileRef = C2521C652469D5D00049F516 /* ViewController.swift */; };
		C2521C692469D5D00049F516 /* Main.storyboard in Resources */ = {isa = PBXBuildFile; fileRef = C2521C672469D5D00049F516 /* Main.storyboard */; };
		C2521C6B2469D5D50049F516 /* Assets.xcassets in Resources */ = {isa = PBXBuildFile; fileRef = C2521C6A2469D5D50049F516 /* Assets.xcassets */; };
		C2521C6E2469D5D50049F516 /* LaunchScreen.storyboard in Resources */ = {isa = PBXBuildFile; fileRef = C2521C6C2469D5D50049F516 /* LaunchScreen.storyboard */; };
		F71F1CBD963D691F3B1490C4 /* Pods_8_Ball.framework in Frameworks */ = {isa = PBXBuildFile; fileRef = 62E27B064813B5B837C73DA1 /* Pods_8_Ball.framework */; };
/* End PBXBuildFile section */

/* Begin PBXFileReference section */
		62E27B064813B5B837C73DA1 /* Pods_8_Ball.framework */ = {isa = PBXFileReference; explicitFileType = wrapper.framework; includeInIndex = 0; path = Pods_8_Ball.framework; sourceTree = BUILT_PRODUCTS_DIR; };
		7D1B1E09E7753FDF590B6E43 /* Pods-8-Ball.debug.xcconfig */ = {isa = PBXFileReference; includeInIndex = 1; lastKnownFileType = text.xcconfig; name = "Pods-8-Ball.debug.xcconfig"; path = "Target Support Files/Pods-8-Ball/Pods-8-Ball.debug.xcconfig"; sourceTree = "<group>"; };
		C207AE77248EAE3C00F40463 /* Pacifico-Regular.ttf */ = {isa = PBXFileReference; lastKnownFileType = file; path = "Pacifico-Regular.ttf"; sourceTree = "<group>"; };
		C2521C5E2469D5D00049F516 /* 8-Ball.app */ = {isa = PBXFileReference; explicitFileType = wrapper.application; includeInIndex = 0; path = "8-Ball.app"; sourceTree = BUILT_PRODUCTS_DIR; };
		C2521C612469D5D00049F516 /* AppDelegate.swift */ = {isa = PBXFileReference; lastKnownFileType = sourcecode.swift; path = AppDelegate.swift; sourceTree = "<group>"; };
		C2521C632469D5D00049F516 /* SceneDelegate.swift */ = {isa = PBXFileReference; lastKnownFileType = sourcecode.swift; path = SceneDelegate.swift; sourceTree = "<group>"; };
		C2521C652469D5D00049F516 /* ViewController.swift */ = {isa = PBXFileReference; lastKnownFileType = sourcecode.swift; path = ViewController.swift; sourceTree = "<group>"; };
		C2521C682469D5D00049F516 /* Base */ = {isa = PBXFileReference; lastKnownFileType = file.storyboard; name = Base; path = Base.lproj/Main.storyboard; sourceTree = "<group>"; };
		C2521C6A2469D5D50049F516 /* Assets.xcassets */ = {isa = PBXFileReference; lastKnownFileType = folder.assetcatalog; path = Assets.xcassets; sourceTree = "<group>"; };
		C2521C6D2469D5D50049F516 /* Base */ = {isa = PBXFileReference; lastKnownFileType = file.storyboard; name = Base; path = Base.lproj/LaunchScreen.storyboard; sourceTree = "<group>"; };
		C2521C6F2469D5D50049F516 /* Info.plist */ = {isa = PBXFileReference; lastKnownFileType = text.plist.xml; path = Info.plist; sourceTree = "<group>"; };
		F6F2451CBA19354F0C81BD4C /* Pods-8-Ball.release.xcconfig */ = {isa = PBXFileReference; includeInIndex = 1; lastKnownFileType = text.xcconfig; name = "Pods-8-Ball.release.xcconfig"; path = "Target Support Files/Pods-8-Ball/Pods-8-Ball.release.xcconfig"; sourceTree = "<group>"; };
/* End PBXFileReference section */

/* Begin PBXFrameworksBuildPhase section */
		C2521C5B2469D5D00049F516 /* Frameworks */ = {
			isa = PBXFrameworksBuildPhase;
			buildActionMask = 2147483647;
			files = (
				F71F1CBD963D691F3B1490C4 /* Pods_8_Ball.framework in Frameworks */,
			);
			runOnlyForDeploymentPostprocessing = 0;
		};
/* End PBXFrameworksBuildPhase section */

/* Begin PBXGroup section */
		1F19C217F29400D4FA21DBB7 /* Frameworks */ = {
			isa = PBXGroup;
			children = (
				62E27B064813B5B837C73DA1 /* Pods_8_Ball.framework */,
			);
			name = Frameworks;
			sourceTree = "<group>";
		};
		5E51BAADD310F59EC178AFC5 /* Pods */ = {
			isa = PBXGroup;
			children = (
				7D1B1E09E7753FDF590B6E43 /* Pods-8-Ball.debug.xcconfig */,
				F6F2451CBA19354F0C81BD4C /* Pods-8-Ball.release.xcconfig */,
			);
			path = Pods;
			sourceTree = "<group>";
		};
		C207AE79248EAE4000F40463 /* Font */ = {
			isa = PBXGroup;
			children = (
				C207AE77248EAE3C00F40463 /* Pacifico-Regular.ttf */,
			);
			path = Font;
			sourceTree = "<group>";
		};
		C2521C552469D5D00049F516 = {
			isa = PBXGroup;
			children = (
				C2521C602469D5D00049F516 /* 8-Ball */,
				C2521C5F2469D5D00049F516 /* Products */,
				5E51BAADD310F59EC178AFC5 /* Pods */,
				1F19C217F29400D4FA21DBB7 /* Frameworks */,
			);
			sourceTree = "<group>";
		};
		C2521C5F2469D5D00049F516 /* Products */ = {
			isa = PBXGroup;
			children = (
				C2521C5E2469D5D00049F516 /* 8-Ball.app */,
			);
			name = Products;
			sourceTree = "<group>";
		};
		C2521C602469D5D00049F516 /* 8-Ball */ = {
			isa = PBXGroup;
			children = (
				C2521C612469D5D00049F516 /* AppDelegate.swift */,
				C2521C632469D5D00049F516 /* SceneDelegate.swift */,
				C2521C652469D5D00049F516 /* ViewController.swift */,
				C207AE79248EAE4000F40463 /* Font */,
				C2521C672469D5D00049F516 /* Main.storyboard */,
				C2521C6A2469D5D50049F516 /* Assets.xcassets */,
				C2521C6C2469D5D50049F516 /* LaunchScreen.storyboard */,
				C2521C6F2469D5D50049F516 /* Info.plist */,
			);
			path = "8-Ball";
			sourceTree = "<group>";
		};
/* End PBXGroup section */

/* Begin PBXNativeTarget section */
		C2521C5D2469D5D00049F516 /* 8-Ball */ = {
			isa = PBXNativeTarget;
			buildConfigurationList = C2521C722469D5D50049F516 /* Build configuration list for PBXNativeTarget "8-Ball" */;
			buildPhases = (
				3E8A76D2DE57E5353BA6D339 /* [CP] Check Pods Manifest.lock */,
				C2521C5A2469D5D00049F516 /* Sources */,
				C2521C5B2469D5D00049F516 /* Frameworks */,
				C2521C5C2469D5D00049F516 /* Resources */,
				A86993AE3D46D20E5E6A545E /* [CP] Embed Pods Frameworks */,
			);
			buildRules = (
			);
			dependencies = (
			);
			name = "8-Ball";
			productName = "8-Ball";
			productReference = C2521C5E2469D5D00049F516 /* 8-Ball.app */;
			productType = "com.apple.product-type.application";
		};
/* End PBXNativeTarget section */

/* Begin PBXProject section */
		C2521C562469D5D00049F516 /* Project object */ = {
			isa = PBXProject;
			attributes = {
				LastSwiftUpdateCheck = 1130;
				LastUpgradeCheck = 1130;
				ORGANIZATIONNAME = Madhu;
				TargetAttributes = {
					C2521C5D2469D5D00049F516 = {
						CreatedOnToolsVersion = 11.3.1;
					};
				};
			};
			buildConfigurationList = C2521C592469D5D00049F516 /* Build configuration list for PBXProject "8-Ball" */;
			compatibilityVersion = "Xcode 9.3";
			developmentRegion = en;
			hasScannedForEncodings = 0;
			knownRegions = (
				en,
				Base,
			);
			mainGroup = C2521C552469D5D00049F516;
			productRefGroup = C2521C5F2469D5D00049F516 /* Products */;
			projectDirPath = "";
			projectRoot = "";
			targets = (
				C2521C5D2469D5D00049F516 /* 8-Ball */,
			);
		};
/* End PBXProject section */

/* Begin PBXResourcesBuildPhase section */
		C2521C5C2469D5D00049F516 /* Resources */ = {
			isa = PBXResourcesBuildPhase;
			buildActionMask = 2147483647;
			files = (
				C2521C6E2469D5D50049F516 /* LaunchScreen.storyboard in Resources */,
				C207AE78248EAE3C00F40463 /* Pacifico-Regular.ttf in Resources */,
				C2521C6B2469D5D50049F516 /* Assets.xcassets in Resources */,
				C2521C692469D5D00049F516 /* Main.storyboard in Resources */,
			);
			runOnlyForDeploymentPostprocessing = 0;
		};
/* End PBXResourcesBuildPhase section */

/* Begin PBXShellScriptBuildPhase section */
		3E8A76D2DE57E5353BA6D339 /* [CP] Check Pods Manifest.lock */ = {
			isa = PBXShellScriptBuildPhase;
			buildActionMask = 2147483647;
			files = (
			);
			inputFileListPaths = (
			);
			inputPaths = (
				"${PODS_PODFILE_DIR_PATH}/Podfile.lock",
				"${PODS_ROOT}/Manifest.lock",
			);
			name = "[CP] Check Pods Manifest.lock";
			outputFileListPaths = (
			);
			outputPaths = (
				"$(DERIVED_FILE_DIR)/Pods-8-Ball-checkManifestLockResult.txt",
			);
			runOnlyForDeploymentPostprocessing = 0;
			shellPath = /bin/sh;
			shellScript = "diff \"${PODS_PODFILE_DIR_PATH}/Podfile.lock\" \"${PODS_ROOT}/Manifest.lock\" > /dev/null\nif [ $? != 0 ] ; then\n    # print error to STDERR\n    echo \"error: The sandbox is not in sync with the Podfile.lock. Run 'pod install' or update your CocoaPods installation.\" >&2\n    exit 1\nfi\n# This output is used by Xcode 'outputs' to avoid re-running this script phase.\necho \"SUCCESS\" > \"${SCRIPT_OUTPUT_FILE_0}\"\n";
			showEnvVarsInLog = 0;
		};
		A86993AE3D46D20E5E6A545E /* [CP] Embed Pods Frameworks */ = {
			isa = PBXShellScriptBuildPhase;
			buildActionMask = 2147483647;
			files = (
			);
			inputFileListPaths = (
				"${PODS_ROOT}/Target Support Files/Pods-8-Ball/Pods-8-Ball-frameworks-${CONFIGURATION}-input-files.xcfilelist",
			);
			name = "[CP] Embed Pods Frameworks";
			outputFileListPaths = (
				"${PODS_ROOT}/Target Support Files/Pods-8-Ball/Pods-8-Ball-frameworks-${CONFIGURATION}-output-files.xcfilelist",
			);
			runOnlyForDeploymentPostprocessing = 0;
			shellPath = /bin/sh;
			shellScript = "\"${PODS_ROOT}/Target Support Files/Pods-8-Ball/Pods-8-Ball-frameworks.sh\"\n";
			showEnvVarsInLog = 0;
		};
/* End PBXShellScriptBuildPhase section */

/* Begin PBXSourcesBuildPhase section */
		C2521C5A2469D5D00049F516 /* Sources */ = {
			isa = PBXSourcesBuildPhase;
			buildActionMask = 2147483647;
			files = (
				C2521C662469D5D00049F516 /* ViewController.swift in Sources */,
				C2521C622469D5D00049F516 /* AppDelegate.swift in Sources */,
				C2521C642469D5D00049F516 /* SceneDelegate.swift in Sources */,
			);
			runOnlyForDeploymentPostprocessing = 0;
		};
/* End PBXSourcesBuildPhase section */

/* Begin PBXVariantGroup section */
		C2521C672469D5D00049F516 /* Main.storyboard */ = {
			isa = PBXVariantGroup;
			children = (
				C2521C682469D5D00049F516 /* Base */,
			);
			name = Main.storyboard;
			sourceTree = "<group>";
		};
		C2521C6C2469D5D50049F516 /* LaunchScreen.storyboard */ = {
			isa = PBXVariantGroup;
			children = (
				C2521C6D2469D5D50049F516 /* Base */,
			);
			name = LaunchScreen.storyboard;
			sourceTree = "<group>";
		};
/* End PBXVariantGroup section */

/* Begin XCBuildConfiguration section */
		C2521C702469D5D50049F516 /* Debug */ = {
			isa = XCBuildConfiguration;
			buildSettings = {
				ALWAYS_SEARCH_USER_PATHS = NO;
				CLANG_ANALYZER_NONNULL = YES;
				CLANG_ANALYZER_NUMBER_OBJECT_CONVERSION = YES_AGGRESSIVE;
				CLANG_CXX_LANGUAGE_STANDARD = "gnu++14";
				CLANG_CXX_LIBRARY = "libc++";
				CLANG_ENABLE_MODULES = YES;
				CLANG_ENABLE_OBJC_ARC = YES;
				CLANG_ENABLE_OBJC_WEAK = YES;
				CLANG_WARN_BLOCK_CAPTURE_AUTORELEASING = YES;
				CLANG_WARN_BOOL_CONVERSION = YES;
				CLANG_WARN_COMMA = YES;
				CLANG_WARN_CONSTANT_CONVERSION = YES;
				CLANG_WARN_DEPRECATED_OBJC_IMPLEMENTATIONS = YES;
				CLANG_WARN_DIRECT_OBJC_ISA_USAGE = YES_ERROR;
				CLANG_WARN_DOCUMENTATION_COMMENTS = YES;
				CLANG_WARN_EMPTY_BODY = YES;
				CLANG_WARN_ENUM_CONVERSION = YES;
				CLANG_WARN_INFINITE_RECURSION = YES;
				CLANG_WARN_INT_CONVERSION = YES;
				CLANG_WARN_NON_LITERAL_NULL_CONVERSION = YES;
				CLANG_WARN_OBJC_IMPLICIT_RETAIN_SELF = YES;
				CLANG_WARN_OBJC_LITERAL_CONVERSION = YES;
				CLANG_WARN_OBJC_ROOT_CLASS = YES_ERROR;
				CLANG_WARN_RANGE_LOOP_ANALYSIS = YES;
				CLANG_WARN_STRICT_PROTOTYPES = YES;
				CLANG_WARN_SUSPICIOUS_MOVE = YES;
				CLANG_WARN_UNGUARDED_AVAILABILITY = YES_AGGRESSIVE;
				CLANG_WARN_UNREACHABLE_CODE = YES;
				CLANG_WARN__DUPLICATE_METHOD_MATCH = YES;
				COPY_PHASE_STRIP = NO;
				DEBUG_INFORMATION_FORMAT = dwarf;
				ENABLE_STRICT_OBJC_MSGSEND = YES;
				ENABLE_TESTABILITY = YES;
				GCC_C_LANGUAGE_STANDARD = gnu11;
				GCC_DYNAMIC_NO_PIC = NO;
				GCC_NO_COMMON_BLOCKS = YES;
				GCC_OPTIMIZATION_LEVEL = 0;
				GCC_PREPROCESSOR_DEFINITIONS = (
					"DEBUG=1",
					"$(inherited)",
				);
				GCC_WARN_64_TO_32_BIT_CONVERSION = YES;
				GCC_WARN_ABOUT_RETURN_TYPE = YES_ERROR;
				GCC_WARN_UNDECLARED_SELECTOR = YES;
				GCC_WARN_UNINITIALIZED_AUTOS = YES_AGGRESSIVE;
				GCC_WARN_UNUSED_FUNCTION = YES;
				GCC_WARN_UNUSED_VARIABLE = YES;
				IPHONEOS_DEPLOYMENT_TARGET = 13.2;
				MTL_ENABLE_DEBUG_INFO = INCLUDE_SOURCE;
				MTL_FAST_MATH = YES;
				ONLY_ACTIVE_ARCH = YES;
				SDKROOT = iphoneos;
				SWIFT_ACTIVE_COMPILATION_CONDITIONS = DEBUG;
				SWIFT_OPTIMIZATION_LEVEL = "-Onone";
			};
			name = Debug;
		};
		C2521C712469D5D50049F516 /* Release */ = {
			isa = XCBuildConfiguration;
			buildSettings = {
				ALWAYS_SEARCH_USER_PATHS = NO;
				CLANG_ANALYZER_NONNULL = YES;
				CLANG_ANALYZER_NUMBER_OBJECT_CONVERSION = YES_AGGRESSIVE;
				CLANG_CXX_LANGUAGE_STANDARD = "gnu++14";
				CLANG_CXX_LIBRARY = "libc++";
				CLANG_ENABLE_MODULES = YES;
				CLANG_ENABLE_OBJC_ARC = YES;
				CLANG_ENABLE_OBJC_WEAK = YES;
				CLANG_WARN_BLOCK_CAPTURE_AUTORELEASING = YES;
				CLANG_WARN_BOOL_CONVERSION = YES;
				CLANG_WARN_COMMA = YES;
				CLANG_WARN_CONSTANT_CONVERSION = YES;
				CLANG_WARN_DEPRECATED_OBJC_IMPLEMENTATIONS = YES;
				CLANG_WARN_DIRECT_OBJC_ISA_USAGE = YES_ERROR;
				CLANG_WARN_DOCUMENTATION_COMMENTS = YES;
				CLANG_WARN_EMPTY_BODY = YES;
				CLANG_WARN_ENUM_CONVERSION = YES;
				CLANG_WARN_INFINITE_RECURSION = YES;
				CLANG_WARN_INT_CONVERSION = YES;
				CLANG_WARN_NON_LITERAL_NULL_CONVERSION = YES;
				CLANG_WARN_OBJC_IMPLICIT_RETAIN_SELF = YES;
				CLANG_WARN_OBJC_LITERAL_CONVERSION = YES;
				CLANG_WARN_OBJC_ROOT_CLASS = YES_ERROR;
				CLANG_WARN_RANGE_LOOP_ANALYSIS = YES;
				CLANG_WARN_STRICT_PROTOTYPES = YES;
				CLANG_WARN_SUSPICIOUS_MOVE = YES;
				CLANG_WARN_UNGUARDED_AVAILABILITY = YES_AGGRESSIVE;
				CLANG_WARN_UNREACHABLE_CODE = YES;
				CLANG_WARN__DUPLICATE_METHOD_MATCH = YES;
				COPY_PHASE_STRIP = NO;
				DEBUG_INFORMATION_FORMAT = "dwarf-with-dsym";
				ENABLE_NS_ASSERTIONS = NO;
				ENABLE_STRICT_OBJC_MSGSEND = YES;
				GCC_C_LANGUAGE_STANDARD = gnu11;
				GCC_NO_COMMON_BLOCKS = YES;
				GCC_WARN_64_TO_32_BIT_CONVERSION = YES;
				GCC_WARN_ABOUT_RETURN_TYPE = YES_ERROR;
				GCC_WARN_UNDECLARED_SELECTOR = YES;
				GCC_WARN_UNINITIALIZED_AUTOS = YES_AGGRESSIVE;
				GCC_WARN_UNUSED_FUNCTION = YES;
				GCC_WARN_UNUSED_VARIABLE = YES;
				IPHONEOS_DEPLOYMENT_TARGET = 13.2;
				MTL_ENABLE_DEBUG_INFO = NO;
				MTL_FAST_MATH = YES;
				SDKROOT = iphoneos;
				SWIFT_COMPILATION_MODE = wholemodule;
				SWIFT_OPTIMIZATION_LEVEL = "-O";
				VALIDATE_PRODUCT = YES;
			};
			name = Release;
		};
		C2521C732469D5D50049F516 /* Debug */ = {
			isa = XCBuildConfiguration;
			baseConfigurationReference = 7D1B1E09E7753FDF590B6E43 /* Pods-8-Ball.debug.xcconfig */;
			buildSettings = {
				ASSETCATALOG_COMPILER_APPICON_NAME = AppIcon;
				CODE_SIGN_STYLE = Automatic;
				INFOPLIST_FILE = "8-Ball/Info.plist";
				LD_RUNPATH_SEARCH_PATHS = (
					"$(inherited)",
					"@executable_path/Frameworks",
				);
				PRODUCT_BUNDLE_IDENTIFIER = "com.madhu.--Ball";
				PRODUCT_NAME = "$(TARGET_NAME)";
				SWIFT_VERSION = 5.0;
				TARGETED_DEVICE_FAMILY = "1,2";
			};
			name = Debug;
		};
		C2521C742469D5D50049F516 /* Release */ = {
			isa = XCBuildConfiguration;
			baseConfigurationReference = F6F2451CBA19354F0C81BD4C /* Pods-8-Ball.release.xcconfig */;
			buildSettings = {
				ASSETCATALOG_COMPILER_APPICON_NAME = AppIcon;
				CODE_SIGN_STYLE = Automatic;
				INFOPLIST_FILE = "8-Ball/Info.plist";
				LD_RUNPATH_SEARCH_PATHS = (
					"$(inherited)",
					"@executable_path/Frameworks",
				);
				PRODUCT_BUNDLE_IDENTIFIER = "com.madhu.--Ball";
				PRODUCT_NAME = "$(TARGET_NAME)";
				SWIFT_VERSION = 5.0;
				TARGETED_DEVICE_FAMILY = "1,2";
			};
			name = Release;
		};
/* End XCBuildConfiguration section */

/* Begin XCConfigurationList section */
		C2521C592469D5D00049F516 /* Build configuration list for PBXProject "8-Ball" */ = {
			isa = XCConfigurationList;
			buildConfigurations = (
				C2521C702469D5D50049F516 /* Debug */,
				C2521C712469D5D50049F516 /* Release */,
			);
			defaultConfigurationIsVisible = 0;
			defaultConfigurationName = Release;
		};
		C2521C722469D5D50049F516 /* Build configuration list for PBXNativeTarget "8-Ball" */ = {
			isa = XCConfigurationList;
			buildConfigurations = (
				C2521C732469D5D50049F516 /* Debug */,
				C2521C742469D5D50049F516 /* Release */,
			);
			defaultConfigurationIsVisible = 0;
			defaultConfigurationName = Release;
		};
/* End XCConfigurationList section */
	};
	rootObject = C2521C562469D5D00049F516 /* Project object */;
}
